
Microsoft Visual Studio Solution File, Format Version 12.00
# Visual Studio Version 17
VisualStudioVersion = 17.0.31903.59
MinimumVisualStudioVersion = 10.0.40219.1
Project("{2150E333-8FDC-42A3-9474-1A3956D46DE8}") = "src", "src", "{99CA9128-1927-4D4F-BB2E-901A059C552A}"
EndProject
Project("{9A19103F-16F7-4668-BE54-9A1E7A4F7556}") = "hotel-search.api.test", "src\hotel-search.api.test\hotel-search.api.test.csproj", "{2D0CF65C-C73F-4B11-ACA5-A9FACA723838}"
EndProject
Project("{9A19103F-16F7-4668-BE54-9A1E7A4F7556}") = "hotel-search.api", "src\hotel-search.api\hotel-search.api.csproj", "{AEFEF477-7FB8-4D5A-BFDF-AA1F74EE5A69}"
EndProject
Global
	GlobalSection(SolutionConfigurationPlatforms) = preSolution
		Debug|Any CPU = Debug|Any CPU
		Release|Any CPU = Release|Any CPU
	EndGlobalSection
	GlobalSection(ProjectConfigurationPlatforms) = postSolution
		{2D0CF65C-C73F-4B11-ACA5-A9FACA723838}.Debug|Any CPU.ActiveCfg = Debug|Any CPU
		{2D0CF65C-C73F-4B11-ACA5-A9FACA723838}.Debug|Any CPU.Build.0 = Debug|Any CPU
		{2D0CF65C-C73F-4B11-ACA5-A9FACA723838}.Release|Any CPU.ActiveCfg = Release|Any CPU
		{2D0CF65C-C73F-4B11-ACA5-A9FACA723838}.Release|Any CPU.Build.0 = Release|Any CPU
		{AEFEF477-7FB8-4D5A-BFDF-AA1F74EE5A69}.Debug|Any CPU.ActiveCfg = Debug|Any CPU
		{AEFEF477-7FB8-4D5A-BFDF-AA1F74EE5A69}.Debug|Any CPU.Build.0 = Debug|Any CPU
		{AEFEF477-7FB8-4D5A-BFDF-AA1F74EE5A69}.Release|Any CPU.ActiveCfg = Release|Any CPU
		{AEFEF477-7FB8-4D5A-BFDF-AA1F74EE5A69}.Release|Any CPU.Build.0 = Release|Any CPU
	EndGlobalSection
	GlobalSection(SolutionProperties) = preSolution
		HideSolutionNode = FALSE
	EndGlobalSection
	GlobalSection(NestedProjects) = preSolution
		{2D0CF65C-C73F-4B11-ACA5-A9FACA723838} = {99CA9128-1927-4D4F-BB2E-901A059C552A}
	EndGlobalSection
	GlobalSection(ExtensibilityGlobals) = postSolution
		SolutionGuid = {7DB2CBFA-FADE-423F-A14E-C58A9ABEFF5B}
	EndGlobalSection
EndGlobal
